
Microsoft Visual Studio Solution File, Format Version 12.00
# Visual Studio Version 17
VisualStudioVersion = 17.8.34322.80
MinimumVisualStudioVersion = 10.0.40219.1
Project("{6989167D-11E4-40FE-8C1A-2192A86A7E90}") = "fortrann", "fortrann.vfproj", "{D48143D3-0BCD-4AB0-8783-0BDCF4F15ECA}"
EndProject
Global
	GlobalSection(SolutionConfigurationPlatforms) = preSolution
		Debug|x64 = Debug|x64
		Debug|x86 = Debug|x86
		Release|x64 = Release|x64
		Release|x86 = Release|x86
	EndGlobalSection
	GlobalSection(ProjectConfigurationPlatforms) = postSolution
		{D48143D3-0BCD-4AB0-8783-0BDCF4F15ECA}.Debug|x64.ActiveCfg = Debug|x64
		{D48143D3-0BCD-4AB0-8783-0BDCF4F15ECA}.Debug|x64.Build.0 = Debug|x64
		{D48143D3-0BCD-4AB0-8783-0BDCF4F15ECA}.Debug|x86.ActiveCfg = Debug|Win32
		{D48143D3-0BCD-4AB0-8783-0BDCF4F15ECA}.Debug|x86.Build.0 = Debug|Win32
		{D48143D3-0BCD-4AB0-8783-0BDCF4F15ECA}.Release|x64.ActiveCfg = Release|x64
		{D48143D3-0BCD-4AB0-8783-0BDCF4F15ECA}.Release|x64.Build.0 = Release|x64
		{D48143D3-0BCD-4AB0-8783-0BDCF4F15ECA}.Release|x86.ActiveCfg = Release|Win32
		{D48143D3-0BCD-4AB0-8783-0BDCF4F15ECA}.Release|x86.Build.0 = Release|Win32
	EndGlobalSection
	GlobalSection(SolutionProperties) = preSolution
		HideSolutionNode = FALSE
	EndGlobalSection
	GlobalSection(ExtensibilityGlobals) = postSolution
		SolutionGuid = {97FD4578-A2D0-4A47-A96A-3531930FD33E}
	EndGlobalSection
EndGlobal
